
Microsoft Visual Studio Solution File, Format Version 12.00
# Visual Studio Version 17
VisualStudioVersion = 17.0.31903.59
MinimumVisualStudioVersion = 10.0.40219.1
Project("{FAE04EC0-301F-11D3-BF4B-00C04F79EFBC}") = "Embedder", "Embedder\Embedder.csproj", "{DACE8467-DB00-4C2F-9FF9-162CB606F448}"
EndProject
Project("{FAE04EC0-301F-11D3-BF4B-00C04F79EFBC}") = "EmbedderTests", "EmbedderTests\EmbedderTests.csproj", "{5DCB6443-A816-4800-AD04-47B71A2B3A3D}"
EndProject
Global
	GlobalSection(SolutionConfigurationPlatforms) = preSolution
		Debug|Any CPU = Debug|Any CPU
		Release|Any CPU = Release|Any CPU
	EndGlobalSection
	GlobalSection(SolutionProperties) = preSolution
		HideSolutionNode = FALSE
	EndGlobalSection
	GlobalSection(ProjectConfigurationPlatforms) = postSolution
		{DACE8467-DB00-4C2F-9FF9-162CB606F448}.Debug|Any CPU.ActiveCfg = Debug|Any CPU
		{DACE8467-DB00-4C2F-9FF9-162CB606F448}.Debug|Any CPU.Build.0 = Debug|Any CPU
		{DACE8467-DB00-4C2F-9FF9-162CB606F448}.Release|Any CPU.ActiveCfg = Release|Any CPU
		{DACE8467-DB00-4C2F-9FF9-162CB606F448}.Release|Any CPU.Build.0 = Release|Any CPU
		{5DCB6443-A816-4800-AD04-47B71A2B3A3D}.Debug|Any CPU.ActiveCfg = Debug|Any CPU
		{5DCB6443-A816-4800-AD04-47B71A2B3A3D}.Debug|Any CPU.Build.0 = Debug|Any CPU
		{5DCB6443-A816-4800-AD04-47B71A2B3A3D}.Release|Any CPU.ActiveCfg = Release|Any CPU
		{5DCB6443-A816-4800-AD04-47B71A2B3A3D}.Release|Any CPU.Build.0 = Release|Any CPU
	EndGlobalSection
EndGlobal
